// !$*UTF8*$!
{
	archiveVersion = 1;
	classes = {
	};
	objectVersion = 51;
	objects = {

/* Begin PBXBuildFile section */
		163F648D2BE666A9EC96938A /* Pods_ToDoFirebase.framework in Frameworks */ = {isa = PBXBuildFile; fileRef = 5F71D2C00ED5480A18EB3309 /* Pods_ToDoFirebase.framework */; };
		B9E5174A25FE3739007802CC /* ToDoViewController.swift in Sources */ = {isa = PBXBuildFile; fileRef = B9E5174925FE3739007802CC /* ToDoViewController.swift */; };
		B9ECA06F25FE2655002F78D8 /* AppDelegate.swift in Sources */ = {isa = PBXBuildFile; fileRef = B9ECA06E25FE2655002F78D8 /* AppDelegate.swift */; };
		B9ECA07125FE2655002F78D8 /* SceneDelegate.swift in Sources */ = {isa = PBXBuildFile; fileRef = B9ECA07025FE2655002F78D8 /* SceneDelegate.swift */; };
		B9ECA07325FE2655002F78D8 /* ViewController.swift in Sources */ = {isa = PBXBuildFile; fileRef = B9ECA07225FE2655002F78D8 /* ViewController.swift */; };
		B9ECA07625FE2655002F78D8 /* Main.storyboard in Resources */ = {isa = PBXBuildFile; fileRef = B9ECA07425FE2655002F78D8 /* Main.storyboard */; };
		B9ECA07825FE2657002F78D8 /* Assets.xcassets in Resources */ = {isa = PBXBuildFile; fileRef = B9ECA07725FE2657002F78D8 /* Assets.xcassets */; };
		B9ECA07B25FE2657002F78D8 /* LaunchScreen.storyboard in Resources */ = {isa = PBXBuildFile; fileRef = B9ECA07925FE2657002F78D8 /* LaunchScreen.storyboard */; };
		B9ECA08425FE28A2002F78D8 /* GoogleService-Info.plist in Resources */ = {isa = PBXBuildFile; fileRef = B9ECA08325FE28A2002F78D8 /* GoogleService-Info.plist */; };
/* End PBXBuildFile section */

/* Begin PBXFileReference section */
		5F71D2C00ED5480A18EB3309 /* Pods_ToDoFirebase.framework */ = {isa = PBXFileReference; explicitFileType = wrapper.framework; includeInIndex = 0; path = Pods_ToDoFirebase.framework; sourceTree = BUILT_PRODUCTS_DIR; };
		805AE918CCDF7563810F829E /* Pods-ToDoFirebase.debug.xcconfig */ = {isa = PBXFileReference; includeInIndex = 1; lastKnownFileType = text.xcconfig; name = "Pods-ToDoFirebase.debug.xcconfig"; path = "Target Support Files/Pods-ToDoFirebase/Pods-ToDoFirebase.debug.xcconfig"; sourceTree = "<group>"; };
		A63725980A67D8B0C72B8F0B /* Pods-ToDoFirebase.release.xcconfig */ = {isa = PBXFileReference; includeInIndex = 1; lastKnownFileType = text.xcconfig; name = "Pods-ToDoFirebase.release.xcconfig"; path = "Target Support Files/Pods-ToDoFirebase/Pods-ToDoFirebase.release.xcconfig"; sourceTree = "<group>"; };
		B9E5174925FE3739007802CC /* ToDoViewController.swift */ = {isa = PBXFileReference; lastKnownFileType = sourcecode.swift; path = ToDoViewController.swift; sourceTree = "<group>"; };
		B9ECA06B25FE2655002F78D8 /* ToDoFirebase.app */ = {isa = PBXFileReference; explicitFileType = wrapper.application; includeInIndex = 0; path = ToDoFirebase.app; sourceTree = BUILT_PRODUCTS_DIR; };
		B9ECA06E25FE2655002F78D8 /* AppDelegate.swift */ = {isa = PBXFileReference; lastKnownFileType = sourcecode.swift; path = AppDelegate.swift; sourceTree = "<group>"; };
		B9ECA07025FE2655002F78D8 /* SceneDelegate.swift */ = {isa = PBXFileReference; lastKnownFileType = sourcecode.swift; path = SceneDelegate.swift; sourceTree = "<group>"; };
		B9ECA07225FE2655002F78D8 /* ViewController.swift */ = {isa = PBXFileReference; lastKnownFileType = sourcecode.swift; path = ViewController.swift; sourceTree = "<group>"; };
		B9ECA07525FE2655002F78D8 /* Base */ = {isa = PBXFileReference; lastKnownFileType = file.storyboard; name = Base; path = Base.lproj/Main.storyboard; sourceTree = "<group>"; };
		B9ECA07725FE2657002F78D8 /* Assets.xcassets */ = {isa = PBXFileReference; lastKnownFileType = folder.assetcatalog; path = Assets.xcassets; sourceTree = "<group>"; };
		B9ECA07A25FE2657002F78D8 /* Base */ = {isa = PBXFileReference; lastKnownFileType = file.storyboard; name = Base; path = Base.lproj/LaunchScreen.storyboard; sourceTree = "<group>"; };
		B9ECA07C25FE2657002F78D8 /* Info.plist */ = {isa = PBXFileReference; lastKnownFileType = text.plist.xml; path = Info.plist; sourceTree = "<group>"; };
		B9ECA08325FE28A2002F78D8 /* GoogleService-Info.plist */ = {isa = PBXFileReference; fileEncoding = 4; lastKnownFileType = text.plist.xml; name = "GoogleService-Info.plist"; path = "../../../../../Downloads/GoogleService-Info.plist"; sourceTree = "<group>"; };
/* End PBXFileReference section */

/* Begin PBXFrameworksBuildPhase section */
		B9ECA06825FE2655002F78D8 /* Frameworks */ = {
			isa = PBXFrameworksBuildPhase;
			buildActionMask = 2147483647;
			files = (
				163F648D2BE666A9EC96938A /* Pods_ToDoFirebase.framework in Frameworks */,
			);
			runOnlyForDeploymentPostprocessing = 0;
		};
/* End PBXFrameworksBuildPhase section */

/* Begin PBXGroup section */
		B5C5B1528AC8CA490E26B2E1 /* Frameworks */ = {
			isa = PBXGroup;
			children = (
				5F71D2C00ED5480A18EB3309 /* Pods_ToDoFirebase.framework */,
			);
			name = Frameworks;
			sourceTree = "<group>";
		};
		B9ECA06225FE2655002F78D8 = {
			isa = PBXGroup;
			children = (
				B9ECA06D25FE2655002F78D8 /* ToDoFirebase */,
				B9ECA06C25FE2655002F78D8 /* Products */,
				C7CBA9C368AE74F5DFD1FBED /* Pods */,
				B5C5B1528AC8CA490E26B2E1 /* Frameworks */,
			);
			sourceTree = "<group>";
		};
		B9ECA06C25FE2655002F78D8 /* Products */ = {
			isa = PBXGroup;
			children = (
				B9ECA06B25FE2655002F78D8 /* ToDoFirebase.app */,
			);
			name = Products;
			sourceTree = "<group>";
		};
		B9ECA06D25FE2655002F78D8 /* ToDoFirebase */ = {
			isa = PBXGroup;
			children = (
				B9ECA06E25FE2655002F78D8 /* AppDelegate.swift */,
				B9ECA07025FE2655002F78D8 /* SceneDelegate.swift */,
				B9ECA07225FE2655002F78D8 /* ViewController.swift */,
				B9E5174925FE3739007802CC /* ToDoViewController.swift */,
				B9ECA07425FE2655002F78D8 /* Main.storyboard */,
				B9ECA07725FE2657002F78D8 /* Assets.xcassets */,
				B9ECA07925FE2657002F78D8 /* LaunchScreen.storyboard */,
				B9ECA07C25FE2657002F78D8 /* Info.plist */,
				B9ECA08325FE28A2002F78D8 /* GoogleService-Info.plist */,
			);
			path = ToDoFirebase;
			sourceTree = "<group>";
		};
		C7CBA9C368AE74F5DFD1FBED /* Pods */ = {
			isa = PBXGroup;
			children = (
				805AE918CCDF7563810F829E /* Pods-ToDoFirebase.debug.xcconfig */,
				A63725980A67D8B0C72B8F0B /* Pods-ToDoFirebase.release.xcconfig */,
			);
			path = Pods;
			sourceTree = "<group>";
		};
/* End PBXGroup section */

/* Begin PBXNativeTarget section */
		B9ECA06A25FE2655002F78D8 /* ToDoFirebase */ = {
			isa = PBXNativeTarget;
			buildConfigurationList = B9ECA07F25FE2657002F78D8 /* Build configuration list for PBXNativeTarget "ToDoFirebase" */;
			buildPhases = (
				8B749C9E6BAD0B57C8FDAE50 /* [CP] Check Pods Manifest.lock */,
				B9ECA06725FE2655002F78D8 /* Sources */,
				B9ECA06825FE2655002F78D8 /* Frameworks */,
				B9ECA06925FE2655002F78D8 /* Resources */,
				FE28C42DC72BD1E9249F9E24 /* [CP] Embed Pods Frameworks */,
			);
			buildRules = (
			);
			dependencies = (
			);
			name = ToDoFirebase;
			productName = ToDoFirebase;
			productReference = B9ECA06B25FE2655002F78D8 /* ToDoFirebase.app */;
			productType = "com.apple.product-type.application";
		};
/* End PBXNativeTarget section */

/* Begin PBXProject section */
		B9ECA06325FE2655002F78D8 /* Project object */ = {
			isa = PBXProject;
			attributes = {
				LastSwiftUpdateCheck = 1240;
				LastUpgradeCheck = 1240;
				TargetAttributes = {
					B9ECA06A25FE2655002F78D8 = {
						CreatedOnToolsVersion = 12.4;
					};
				};
			};
			buildConfigurationList = B9ECA06625FE2655002F78D8 /* Build configuration list for PBXProject "ToDoFirebase" */;
			compatibilityVersion = "Xcode 9.3";
			developmentRegion = en;
			hasScannedForEncodings = 0;
			knownRegions = (
				en,
				Base,
			);
			mainGroup = B9ECA06225FE2655002F78D8;
			productRefGroup = B9ECA06C25FE2655002F78D8 /* Products */;
			projectDirPath = "";
			projectRoot = "";
			targets = (
				B9ECA06A25FE2655002F78D8 /* ToDoFirebase */,
			);
		};
/* End PBXProject section */

/* Begin PBXResourcesBuildPhase section */
		B9ECA06925FE2655002F78D8 /* Resources */ = {
			isa = PBXResourcesBuildPhase;
			buildActionMask = 2147483647;
			files = (
				B9ECA07B25FE2657002F78D8 /* LaunchScreen.storyboard in Resources */,
				B9ECA08425FE28A2002F78D8 /* GoogleService-Info.plist in Resources */,
				B9ECA07825FE2657002F78D8 /* Assets.xcassets in Resources */,
				B9ECA07625FE2655002F78D8 /* Main.storyboard in Resources */,
			);
			runOnlyForDeploymentPostprocessing = 0;
		};
/* End PBXResourcesBuildPhase section */

/* Begin PBXShellScriptBuildPhase section */
		8B749C9E6BAD0B57C8FDAE50 /* [CP] Check Pods Manifest.lock */ = {
			isa = PBXShellScriptBuildPhase;
			buildActionMask = 2147483647;
			files = (
			);
			inputFileListPaths = (
			);
			inputPaths = (
				"${PODS_PODFILE_DIR_PATH}/Podfile.lock",
				"${PODS_ROOT}/Manifest.lock",
			);
			name = "[CP] Check Pods Manifest.lock";
			outputFileListPaths = (
			);
			outputPaths = (
				"$(DERIVED_FILE_DIR)/Pods-ToDoFirebase-checkManifestLockResult.txt",
			);
			runOnlyForDeploymentPostprocessing = 0;
			shellPath = /bin/sh;
			shellScript = "diff \"${PODS_PODFILE_DIR_PATH}/Podfile.lock\" \"${PODS_ROOT}/Manifest.lock\" > /dev/null\nif [ $? != 0 ] ; then\n    # print error to STDERR\n    echo \"error: The sandbox is not in sync with the Podfile.lock. Run 'pod install' or update your CocoaPods installation.\" >&2\n    exit 1\nfi\n# This output is used by Xcode 'outputs' to avoid re-running this script phase.\necho \"SUCCESS\" > \"${SCRIPT_OUTPUT_FILE_0}\"\n";
			showEnvVarsInLog = 0;
		};
		FE28C42DC72BD1E9249F9E24 /* [CP] Embed Pods Frameworks */ = {
			isa = PBXShellScriptBuildPhase;
			buildActionMask = 2147483647;
			files = (
			);
			inputFileListPaths = (
				"${PODS_ROOT}/Target Support Files/Pods-ToDoFirebase/Pods-ToDoFirebase-frameworks-${CONFIGURATION}-input-files.xcfilelist",
			);
			name = "[CP] Embed Pods Frameworks";
			outputFileListPaths = (
				"${PODS_ROOT}/Target Support Files/Pods-ToDoFirebase/Pods-ToDoFirebase-frameworks-${CONFIGURATION}-output-files.xcfilelist",
			);
			runOnlyForDeploymentPostprocessing = 0;
			shellPath = /bin/sh;
			shellScript = "\"${PODS_ROOT}/Target Support Files/Pods-ToDoFirebase/Pods-ToDoFirebase-frameworks.sh\"\n";
			showEnvVarsInLog = 0;
		};
/* End PBXShellScriptBuildPhase section */

/* Begin PBXSourcesBuildPhase section */
		B9ECA06725FE2655002F78D8 /* Sources */ = {
			isa = PBXSourcesBuildPhase;
			buildActionMask = 2147483647;
			files = (
				B9E5174A25FE3739007802CC /* ToDoViewController.swift in Sources */,
				B9ECA07325FE2655002F78D8 /* ViewController.swift in Sources */,
				B9ECA06F25FE2655002F78D8 /* AppDelegate.swift in Sources */,
				B9ECA07125FE2655002F78D8 /* SceneDelegate.swift in Sources */,
			);
			runOnlyForDeploymentPostprocessing = 0;
		};
/* End PBXSourcesBuildPhase section */

/* Begin PBXVariantGroup section */
		B9ECA07425FE2655002F78D8 /* Main.storyboard */ = {
			isa = PBXVariantGroup;
			children = (
				B9ECA07525FE2655002F78D8 /* Base */,
			);
			name = Main.storyboard;
			sourceTree = "<group>";
		};
		B9ECA07925FE2657002F78D8 /* LaunchScreen.storyboard */ = {
			isa = PBXVariantGroup;
			children = (
				B9ECA07A25FE2657002F78D8 /* Base */,
			);
			name = LaunchScreen.storyboard;
			sourceTree = "<group>";
		};
/* End PBXVariantGroup section */

/* Begin XCBuildConfiguration section */
		B9ECA07D25FE2657002F78D8 /* Debug */ = {
			isa = XCBuildConfiguration;
			buildSettings = {
				ALWAYS_SEARCH_USER_PATHS = NO;
				CLANG_ANALYZER_NONNULL = YES;
				CLANG_ANALYZER_NUMBER_OBJECT_CONVERSION = YES_AGGRESSIVE;
				CLANG_CXX_LANGUAGE_STANDARD = "gnu++14";
				CLANG_CXX_LIBRARY = "libc++";
				CLANG_ENABLE_MODULES = YES;
				CLANG_ENABLE_OBJC_ARC = YES;
				CLANG_ENABLE_OBJC_WEAK = YES;
				CLANG_WARN_BLOCK_CAPTURE_AUTORELEASING = YES;
				CLANG_WARN_BOOL_CONVERSION = YES;
				CLANG_WARN_COMMA = YES;
				CLANG_WARN_CONSTANT_CONVERSION = YES;
				CLANG_WARN_DEPRECATED_OBJC_IMPLEMENTATIONS = YES;
				CLANG_WARN_DIRECT_OBJC_ISA_USAGE = YES_ERROR;
				CLANG_WARN_DOCUMENTATION_COMMENTS = YES;
				CLANG_WARN_EMPTY_BODY = YES;
				CLANG_WARN_ENUM_CONVERSION = YES;
				CLANG_WARN_INFINITE_RECURSION = YES;
				CLANG_WARN_INT_CONVERSION = YES;
				CLANG_WARN_NON_LITERAL_NULL_CONVERSION = YES;
				CLANG_WARN_OBJC_IMPLICIT_RETAIN_SELF = YES;
				CLANG_WARN_OBJC_LITERAL_CONVERSION = YES;
				CLANG_WARN_OBJC_ROOT_CLASS = YES_ERROR;
				CLANG_WARN_QUOTED_INCLUDE_IN_FRAMEWORK_HEADER = YES;
				CLANG_WARN_RANGE_LOOP_ANALYSIS = YES;
				CLANG_WARN_STRICT_PROTOTYPES = YES;
				CLANG_WARN_SUSPICIOUS_MOVE = YES;
				CLANG_WARN_UNGUARDED_AVAILABILITY = YES_AGGRESSIVE;
				CLANG_WARN_UNREACHABLE_CODE = YES;
				CLANG_WARN__DUPLICATE_METHOD_MATCH = YES;
				COPY_PHASE_STRIP = NO;
				DEBUG_INFORMATION_FORMAT = dwarf;
				ENABLE_STRICT_OBJC_MSGSEND = YES;
				ENABLE_TESTABILITY = YES;
				GCC_C_LANGUAGE_STANDARD = gnu11;
				GCC_DYNAMIC_NO_PIC = NO;
				GCC_NO_COMMON_BLOCKS = YES;
				GCC_OPTIMIZATION_LEVEL = 0;
				GCC_PREPROCESSOR_DEFINITIONS = (
					"DEBUG=1",
					"$(inherited)",
				);
				GCC_WARN_64_TO_32_BIT_CONVERSION = YES;
				GCC_WARN_ABOUT_RETURN_TYPE = YES_ERROR;
				GCC_WARN_UNDECLARED_SELECTOR = YES;
				GCC_WARN_UNINITIALIZED_AUTOS = YES_AGGRESSIVE;
				GCC_WARN_UNUSED_FUNCTION = YES;
				GCC_WARN_UNUSED_VARIABLE = YES;
				IPHONEOS_DEPLOYMENT_TARGET = 14.4;
				MTL_ENABLE_DEBUG_INFO = INCLUDE_SOURCE;
				MTL_FAST_MATH = YES;
				ONLY_ACTIVE_ARCH = YES;
				SDKROOT = iphoneos;
				SWIFT_ACTIVE_COMPILATION_CONDITIONS = DEBUG;
				SWIFT_OPTIMIZATION_LEVEL = "-Onone";
			};
			name = Debug;
		};
		B9ECA07E25FE2657002F78D8 /* Release */ = {
			isa = XCBuildConfiguration;
			buildSettings = {
				ALWAYS_SEARCH_USER_PATHS = NO;
				CLANG_ANALYZER_NONNULL = YES;
				CLANG_ANALYZER_NUMBER_OBJECT_CONVERSION = YES_AGGRESSIVE;
				CLANG_CXX_LANGUAGE_STANDARD = "gnu++14";
				CLANG_CXX_LIBRARY = "libc++";
				CLANG_ENABLE_MODULES = YES;
				CLANG_ENABLE_OBJC_ARC = YES;
				CLANG_ENABLE_OBJC_WEAK = YES;
				CLANG_WARN_BLOCK_CAPTURE_AUTORELEASING = YES;
				CLANG_WARN_BOOL_CONVERSION = YES;
				CLANG_WARN_COMMA = YES;
				CLANG_WARN_CONSTANT_CONVERSION = YES;
				CLANG_WARN_DEPRECATED_OBJC_IMPLEMENTATIONS = YES;
				CLANG_WARN_DIRECT_OBJC_ISA_USAGE = YES_ERROR;
				CLANG_WARN_DOCUMENTATION_COMMENTS = YES;
				CLANG_WARN_EMPTY_BODY = YES;
				CLANG_WARN_ENUM_CONVERSION = YES;
				CLANG_WARN_INFINITE_RECURSION = YES;
				CLANG_WARN_INT_CONVERSION = YES;
				CLANG_WARN_NON_LITERAL_NULL_CONVERSION = YES;
				CLANG_WARN_OBJC_IMPLICIT_RETAIN_SELF = YES;
				CLANG_WARN_OBJC_LITERAL_CONVERSION = YES;
				CLANG_WARN_OBJC_ROOT_CLASS = YES_ERROR;
				CLANG_WARN_QUOTED_INCLUDE_IN_FRAMEWORK_HEADER = YES;
				CLANG_WARN_RANGE_LOOP_ANALYSIS = YES;
				CLANG_WARN_STRICT_PROTOTYPES = YES;
				CLANG_WARN_SUSPICIOUS_MOVE = YES;
				CLANG_WARN_UNGUARDED_AVAILABILITY = YES_AGGRESSIVE;
				CLANG_WARN_UNREACHABLE_CODE = YES;
				CLANG_WARN__DUPLICATE_METHOD_MATCH = YES;
				COPY_PHASE_STRIP = NO;
				DEBUG_INFORMATION_FORMAT = "dwarf-with-dsym";
				ENABLE_NS_ASSERTIONS = NO;
				ENABLE_STRICT_OBJC_MSGSEND = YES;
				GCC_C_LANGUAGE_STANDARD = gnu11;
				GCC_NO_COMMON_BLOCKS = YES;
				GCC_WARN_64_TO_32_BIT_CONVERSION = YES;
				GCC_WARN_ABOUT_RETURN_TYPE = YES_ERROR;
				GCC_WARN_UNDECLARED_SELECTOR = YES;
				GCC_WARN_UNINITIALIZED_AUTOS = YES_AGGRESSIVE;
				GCC_WARN_UNUSED_FUNCTION = YES;
				GCC_WARN_UNUSED_VARIABLE = YES;
				IPHONEOS_DEPLOYMENT_TARGET = 14.4;
				MTL_ENABLE_DEBUG_INFO = NO;
				MTL_FAST_MATH = YES;
				SDKROOT = iphoneos;
				SWIFT_COMPILATION_MODE = wholemodule;
				SWIFT_OPTIMIZATION_LEVEL = "-O";
				VALIDATE_PRODUCT = YES;
			};
			name = Release;
		};
		B9ECA08025FE2657002F78D8 /* Debug */ = {
			isa = XCBuildConfiguration;
			baseConfigurationReference = 805AE918CCDF7563810F829E /* Pods-ToDoFirebase.debug.xcconfig */;
			buildSettings = {
				ASSETCATALOG_COMPILER_APPICON_NAME = AppIcon;
				ASSETCATALOG_COMPILER_GLOBAL_ACCENT_COLOR_NAME = AccentColor;
				CODE_SIGN_STYLE = Automatic;
				DEVELOPMENT_TEAM = QJS4FJ5R3Z;
				INFOPLIST_FILE = ToDoFirebase/Info.plist;
				LD_RUNPATH_SEARCH_PATHS = (
					"$(inherited)",
					"@executable_path/Frameworks",
				);
				PRODUCT_BUNDLE_IDENTIFIER = com.Onur.ToDoFirebase;
				PRODUCT_NAME = "$(TARGET_NAME)";
				SWIFT_VERSION = 5.0;
				TARGETED_DEVICE_FAMILY = "1,2";
			};
			name = Debug;
		};
		B9ECA08125FE2657002F78D8 /* Release */ = {
			isa = XCBuildConfiguration;
			baseConfigurationReference = A63725980A67D8B0C72B8F0B /* Pods-ToDoFirebase.release.xcconfig */;
			buildSettings = {
				ASSETCATALOG_COMPILER_APPICON_NAME = AppIcon;
				ASSETCATALOG_COMPILER_GLOBAL_ACCENT_COLOR_NAME = AccentColor;
				CODE_SIGN_STYLE = Automatic;
				DEVELOPMENT_TEAM = QJS4FJ5R3Z;
				INFOPLIST_FILE = ToDoFirebase/Info.plist;
				LD_RUNPATH_SEARCH_PATHS = (
					"$(inherited)",
					"@executable_path/Frameworks",
				);
				PRODUCT_BUNDLE_IDENTIFIER = com.Onur.ToDoFirebase;
				PRODUCT_NAME = "$(TARGET_NAME)";
				SWIFT_VERSION = 5.0;
				TARGETED_DEVICE_FAMILY = "1,2";
			};
			name = Release;
		};
/* End XCBuildConfiguration section */

/* Begin XCConfigurationList section */
		B9ECA06625FE2655002F78D8 /* Build configuration list for PBXProject "ToDoFirebase" */ = {
			isa = XCConfigurationList;
			buildConfigurations = (
				B9ECA07D25FE2657002F78D8 /* Debug */,
				B9ECA07E25FE2657002F78D8 /* Release */,
			);
			defaultConfigurationIsVisible = 0;
			defaultConfigurationName = Release;
		};
		B9ECA07F25FE2657002F78D8 /* Build configuration list for PBXNativeTarget "ToDoFirebase" */ = {
			isa = XCConfigurationList;
			buildConfigurations = (
				B9ECA08025FE2657002F78D8 /* Debug */,
				B9ECA08125FE2657002F78D8 /* Release */,
			);
			defaultConfigurationIsVisible = 0;
			defaultConfigurationName = Release;
		};
/* End XCConfigurationList section */
	};
	rootObject = B9ECA06325FE2655002F78D8 /* Project object */;
}
